{
  "lockfileVersion": 3,
  "name": "xfd_playwright",
  "packages": {
    "": {
      "dependencies": {
        "dotenv": "^16.4.5",
        "otpauth": "^9.2.2"
      },
      "devDependencies": {
        "@playwright/test": "^1.41.2",
        "@types/node": "^20.11.20"
      },
      "license": "ISC",
      "name": "xfd_playwright",
      "version": "1.0.0"
    },
    "node_modules/@playwright/test": {
      "bin": {
        "playwright": "cli.js"
      },
      "dependencies": {
        "playwright": "1.41.2"
      },
      "dev": true,
      "engines": {
        "node": ">=16"
      },
      "integrity": "sha512-qQB9h7KbibJzrDpkXkYvsmiDJK14FULCCZgEcoe2AvFAS64oCirWTwzTlAYEbKaRxWs5TFesE1Na6izMv3HfGg==",
      "resolved": "https://registry.npmjs.org/@playwright/test/-/test-1.41.2.tgz",
      "version": "1.41.2"
    },
    "node_modules/@types/node": {
      "dependencies": {
        "undici-types": "~5.26.4"
      },
      "dev": true,
      "integrity": "sha512-7/rR21OS+fq8IyHTgtLkDK949uzsa6n8BkziAKtPVpugIkO6D+/ooXMvzXxDnZrmtXVfjb1bKQafYpb8s89LOg==",
      "resolved": "https://registry.npmjs.org/@types/node/-/node-20.11.20.tgz",
      "version": "20.11.20"
    },
    "node_modules/dotenv": {
      "engines": {
        "node": ">=12"
      },
      "funding": {
        "url": "https://dotenvx.com"
      },
      "integrity": "sha512-ZmdL2rui+eB2YwhsWzjInR8LldtZHGDoQ1ugH85ppHKwpUHL7j7rN0Ti9NCnGiQbhaZ11FpR+7ao1dNsmduNUg==",
      "resolved": "https://registry.npmjs.org/dotenv/-/dotenv-16.4.5.tgz",
      "version": "16.4.5"
    },
    "node_modules/fsevents": {
      "dev": true,
      "engines": {
        "node": "^8.16.0 || ^10.6.0 || >=11.0.0"
      },
      "hasInstallScript": true,
      "integrity": "sha512-xiqMQR4xAeHTuB9uWm+fFRcIOgKBMiOBP+eXiyT7jsgVCq1bkVygt00oASowB7EdtpOHaaPgKt812P9ab+DDKA==",
      "optional": true,
      "os": [
        "darwin"
      ],
      "resolved": "https://registry.npmjs.org/fsevents/-/fsevents-2.3.2.tgz",
      "version": "2.3.2"
    },
    "node_modules/jssha": {
      "engines": {
        "node": "*"
      },
      "integrity": "sha512-VCMZj12FCFMQYcFLPRm/0lOBbLi8uM2BhXPTqw3U4YAfs4AZfiApOoBLoN8cQE60Z50m1MYMTQVCfgF/KaCVhQ==",
      "resolved": "https://registry.npmjs.org/jssha/-/jssha-3.3.1.tgz",
      "version": "3.3.1"
    },
    "node_modules/otpauth": {
      "dependencies": {
        "jssha": "~3.3.1"
      },
      "funding": {
        "url": "https://github.com/hectorm/otpauth?sponsor=1"
      },
      "integrity": "sha512-2VcnYRUmq1dNckIfySNYP32ITWp1bvTeAEW0BSCR6G3GBf3a5zb9E+ubY62t3Dma9RjoHlvd7QpmzHfJZRkiNg==",
      "resolved": "https://registry.npmjs.org/otpauth/-/otpauth-9.2.2.tgz",
      "version": "9.2.2"
    },
    "node_modules/playwright": {
      "bin": {
        "playwright": "cli.js"
      },
      "dependencies": {
        "playwright-core": "1.41.2"
      },
      "dev": true,
      "engines": {
        "node": ">=16"
      },
      "integrity": "sha512-v0bOa6H2GJChDL8pAeLa/LZC4feoAMbSQm1/jF/ySsWWoaNItvrMP7GEkvEEFyCTUYKMxjQKaTSg5up7nR6/8A==",
      "optionalDependencies": {
        "fsevents": "2.3.2"
      },
      "resolved": "https://registry.npmjs.org/playwright/-/playwright-1.41.2.tgz",
      "version": "1.41.2"
    },
    "node_modules/playwright-core": {
      "bin": {
        "playwright-core": "cli.js"
      },
      "dev": true,
      "engines": {
        "node": ">=16"
      },
      "integrity": "sha512-VaTvwCA4Y8kxEe+kfm2+uUUw5Lubf38RxF7FpBxLPmGe5sdNkSg5e3ChEigaGrX7qdqT3pt2m/98LiyvU2x6CA==",
      "resolved": "https://registry.npmjs.org/playwright-core/-/playwright-core-1.41.2.tgz",
      "version": "1.41.2"
    },
    "node_modules/undici-types": {
      "dev": true,
      "integrity": "sha512-JlCMO+ehdEIKqlFxk6IfVoAUVmgz7cU7zD/h9XZ0qzeosSHmUJVOzSQvvYSYWXkFXC+IfLKSIffhv0sVZup6pA==",
      "resolved": "https://registry.npmjs.org/undici-types/-/undici-types-5.26.5.tgz",
      "version": "5.26.5"
    }
  },
  "requires": true,
  "version": "1.0.0"
}
